{
  "pins" : [
    {
      "identity" : "c",
      "kind" : "remoteSourceControl",
      "location" : "https://github.com/0xOpenBytes/c",
      "state" : {
        "revision" : "92b1779ad2b4c551bdfd93f47b79a1399264b2dd",
        "version" : "1.0.1"
      }
    },
    {
      "identity" : "cachestore",
      "kind" : "remoteSourceControl",
      "location" : "https://github.com/0xOpenBytes/CacheStore",
      "state" : {
        "revision" : "55eeb1693d2454869bf433d43b150efa2ce08edc",
        "version" : "2.0.0"
      }
    },
    {
      "identity" : "chronicle",
      "kind" : "remoteSourceControl",
      "location" : "https://github.com/0xLeif/Chronicle",
      "state" : {
        "revision" : "5d5e80f63943969eb2c33d686958b3938536a455",
        "version" : "0.2.3"
      }
    },
    {
      "identity" : "flatmany",
      "kind" : "remoteSourceControl",
      "location" : "https://github.com/0xLeif/FlatMany",
      "state" : {
        "revision" : "1b15d134f14989c8bbb2c98bc164fdcc4c271cbf",
        "version" : "0.2.0"
      }
    },
    {
      "identity" : "flet",
      "kind" : "remoteSourceControl",
      "location" : "https://github.com/0xOpenBytes/FLet",
      "state" : {
        "revision" : "0ca1cd5a70e9f790bd3ef6f99c14e721bbce2386",
        "version" : "2.0.0"
      }
    },
    {
      "identity" : "o",
      "kind" : "remoteSourceControl",
      "location" : "https://github.com/0xOpenBytes/o",
      "state" : {
        "revision" : "2721b5d5feab371ab6e6999a557f9c80f0426228",
        "version" : "0.2.1"
      }
    },
    {
      "identity" : "screendata-swift",
      "kind" : "remoteSourceControl",
      "location" : "https://github.com/ServerDriven/ScreenData-swift",
      "state" : {
        "revision" : "20e1b73ec66076494135b041a29d43ca0870fd45",
        "version" : "0.4.2"
      }
    },
    {
      "identity" : "screendataapp-ios",
      "kind" : "remoteSourceControl",
      "location" : "https://github.com/ServerDriven/ScreenDataApp-ios",
      "state" : {
        "revision" : "9ea8d6e15da611e8ee89a6d51c1eb5a5ba8cb8c4",
        "version" : "0.1.0"
      }
    },
    {
      "identity" : "screendatanavigation-swift",
      "kind" : "remoteSourceControl",
      "location" : "https://github.com/ServerDriven/ScreenDataNavigation-swift",
      "state" : {
        "revision" : "425bc09a03e7b41faa64ad8688b6e0c321102fb5",
        "version" : "1.2.0"
      }
    },
    {
      "identity" : "screendataui-ios",
      "kind" : "remoteSourceControl",
      "location" : "https://github.com/ServerDriven/ScreenDataUI-ios",
      "state" : {
        "revision" : "d34cbb667eed959f843404a4500a8dc6be9b61a4",
        "version" : "1.1.2"
      }
    },
    {
      "identity" : "surl",
      "kind" : "remoteSourceControl",
      "location" : "https://github.com/0xLet/SURL",
      "state" : {
        "revision" : "c04f941eea250f78f5c7151c03cd2489ca9ffc2b",
        "version" : "0.1.1"
      }
    },
    {
      "identity" : "t",
      "kind" : "remoteSourceControl",
      "location" : "https://github.com/0xOpenBytes/t",
      "state" : {
        "revision" : "78294df737c524f40267bca42beb8e10ca28aa41",
        "version" : "0.2.0"
      }
    }
  ],
  "version" : 2
}
